{
  "version": 4,
  "terraform_version": "1.9.8",
  "serial": 27,
  "lineage": "02b5e255-dbcb-86f8-792d-5d38405911ec",
  "outputs": {},
  "resources": [
    {
      "mode": "managed",
      "type": "databricks_job",
      "name": "midas_agent_deploy_ops",
      "provider": "provider[\"registry.terraform.io/databricks/databricks\"]",
      "instances": [
        {
          "schema_version": 2,
          "attributes": {
            "always_running": false,
            "continuous": [],
            "control_run_state": false,
            "dbt_task": [],
            "deployment": [
              {
                "kind": "BUNDLE",
                "metadata_file_path": "/Shared/bundles/midas_agent/dev/state/metadata.json"
              }
            ],
            "description": null,
            "edit_mode": "UI_LOCKED",
            "email_notifications": [
              {
                "no_alert_for_skipped_runs": false,
                "on_duration_warning_threshold_exceeded": [],
                "on_failure": [
                  "jonatan.londono@epm.com.co"
                ],
                "on_start": [],
                "on_success": [
                  "jonatan.londono@epm.com.co"
                ]
              }
            ],
            "environment": [],
            "existing_cluster_id": null,
            "format": "MULTI_TASK",
            "git_source": [],
            "health": [],
            "id": "659971599328913",
            "job_cluster": [
              {
                "job_cluster_key": "midas_cluster",
                "new_cluster": [
                  {
                    "apply_policy_default_values": false,
                    "autoscale": [],
                    "aws_attributes": [],
                    "azure_attributes": [
                      {
                        "availability": "ON_DEMAND_AZURE",
                        "first_on_demand": 0,
                        "log_analytics_info": [],
                        "spot_bid_max_price": 0
                      }
                    ],
                    "cluster_id": "",
                    "cluster_log_conf": [],
                    "cluster_mount_info": [],
                    "cluster_name": "",
                    "custom_tags": {},
                    "data_security_mode": "USER_ISOLATION",
                    "docker_image": [],
                    "driver_instance_pool_id": "",
                    "driver_node_type_id": "",
                    "enable_elastic_disk": true,
                    "enable_local_disk_encryption": false,
                    "gcp_attributes": [],
                    "idempotency_token": "",
                    "init_scripts": [],
                    "instance_pool_id": "",
                    "library": [],
                    "node_type_id": "Standard_DS4_v2",
                    "num_workers": 2,
                    "policy_id": "",
                    "runtime_engine": "",
                    "single_user_name": "",
                    "spark_conf": {},
                    "spark_env_vars": {},
                    "spark_version": "16.4.x-scala2.12",
                    "ssh_public_keys": [],
                    "workload_type": []
                  }
                ]
              }
            ],
            "library": [],
            "max_concurrent_runs": 1,
            "max_retries": 0,
            "min_retry_interval_millis": 0,
            "name": "midas_agent_deploy_ops",
            "new_cluster": [],
            "notebook_task": [],
            "notification_settings": [],
            "parameter": [],
            "pipeline_task": [],
            "python_wheel_task": [],
            "queue": [
              {
                "enabled": true
              }
            ],
            "retry_on_timeout": false,
            "run_as": [
              {
                "service_principal_name": "2080d313-3074-4adf-8265-916ef7645dc2",
                "user_name": ""
              }
            ],
            "run_job_task": [],
            "schedule": [],
            "spark_jar_task": [],
            "spark_python_task": [],
            "spark_submit_task": [],
            "tags": {
              "Area": "Facturación",
              "Tipo": "LLMOps"
            },
            "task": [
              {
                "condition_task": [],
                "dbt_task": [],
                "depends_on": [],
                "description": "",
                "disable_auto_optimization": false,
                "email_notifications": [
                  {
                    "no_alert_for_skipped_runs": false,
                    "on_duration_warning_threshold_exceeded": [],
                    "on_failure": [],
                    "on_start": [],
                    "on_success": []
                  }
                ],
                "environment_key": "",
                "existing_cluster_id": "",
                "for_each_task": [],
                "health": [],
                "job_cluster_key": "midas_cluster",
                "library": [],
                "max_retries": 0,
                "min_retry_interval_millis": 0,
                "new_cluster": [],
                "notebook_task": [],
                "notification_settings": [],
                "pipeline_task": [],
                "python_wheel_task": [],
                "retry_on_timeout": false,
                "run_if": "ALL_SUCCESS",
                "run_job_task": [],
                "spark_jar_task": [],
                "spark_python_task": [
                  {
                    "parameters": [
                      "--catalog",
                      "epm_datalabs_catalog_dllo",
                      "--schema",
                      "facturacion",
                      "--pipeline_sp",
                      "2080d313-3074-4adf-8265-916ef7645dc2"
                    ],
                    "python_file": "/Shared/bundles/midas_agent/dev/files/src/midas/main_tools.py",
                    "source": ""
                  }
                ],
                "spark_submit_task": [],
                "sql_task": [],
                "task_key": "create_sql_functions",
                "timeout_seconds": 0,
                "webhook_notifications": []
              },
              {
                "condition_task": [],
                "dbt_task": [],
                "depends_on": [
                  {
                    "outcome": "",
                    "task_key": "create_sql_functions"
                  }
                ],
                "description": "",
                "disable_auto_optimization": false,
                "email_notifications": [
                  {
                    "no_alert_for_skipped_runs": false,
                    "on_duration_warning_threshold_exceeded": [],
                    "on_failure": [],
                    "on_start": [],
                    "on_success": []
                  }
                ],
                "environment_key": "",
                "existing_cluster_id": "",
                "for_each_task": [],
                "health": [],
                "job_cluster_key": "midas_cluster",
                "library": [],
                "max_retries": 0,
                "min_retry_interval_millis": 0,
                "new_cluster": [],
                "notebook_task": [],
                "notification_settings": [],
                "pipeline_task": [],
                "python_wheel_task": [],
                "retry_on_timeout": false,
                "run_if": "ALL_SUCCESS",
                "run_job_task": [],
                "spark_jar_task": [],
                "spark_python_task": [
                  {
                    "parameters": [
                      "--catalog",
                      "epm_datalabs_catalog_dllo",
                      "--schema",
                      "facturacion",
                      "--model_name",
                      "midas_agent_model",
                      "--endpoint_name",
                      "agente_ordenes_calidad_dev_v3",
                      "--experiment_path",
                      "/Users/ssuarecr@contratista.epm.co/midas_agent_experiment",
                      "--endpoint_workload_size",
                      "Small",
                      "--endpoint_scale_to_zero_enabled",
                      "true",
                      "--agent_llm_timeout_seconds",
                      "60",
                      "--agent_max_iterations",
                      "10",
                      "--pipeline_sp",
                      "2080d313-3074-4adf-8265-916ef7645dc2"
                    ],
                    "python_file": "/Shared/bundles/midas_agent/dev/files/src/midas/main_deploy.py",
                    "source": ""
                  }
                ],
                "spark_submit_task": [],
                "sql_task": [],
                "task_key": "deploy_agent_version",
                "timeout_seconds": 0,
                "webhook_notifications": []
              },
              {
                "condition_task": [],
                "dbt_task": [],
                "depends_on": [
                  {
                    "outcome": "",
                    "task_key": "deploy_agent_version"
                  }
                ],
                "description": "",
                "disable_auto_optimization": false,
                "email_notifications": [
                  {
                    "no_alert_for_skipped_runs": false,
                    "on_duration_warning_threshold_exceeded": [],
                    "on_failure": [],
                    "on_start": [],
                    "on_success": []
                  }
                ],
                "environment_key": "",
                "existing_cluster_id": "",
                "for_each_task": [],
                "health": [],
                "job_cluster_key": "midas_cluster",
                "library": [],
                "max_retries": 0,
                "min_retry_interval_millis": 0,
                "new_cluster": [],
                "notebook_task": [],
                "notification_settings": [],
                "pipeline_task": [],
                "python_wheel_task": [],
                "retry_on_timeout": false,
                "run_if": "ALL_SUCCESS",
                "run_job_task": [],
                "spark_jar_task": [],
                "spark_python_task": [
                  {
                    "parameters": [
                      "--endpoint_name",
                      "agente_ordenes_calidad_dev_v3",
                      "--endpoint_manager_user",
                      "frans.taboada@epm.com.co"
                    ],
                    "python_file": "/Shared/bundles/midas_agent/dev/files/src/midas/main_endpoint_permissions.py",
                    "source": ""
                  }
                ],
                "spark_submit_task": [],
                "sql_task": [],
                "task_key": "grant_endpoint_permissions",
                "timeout_seconds": 0,
                "webhook_notifications": []
              }
            ],
            "timeout_seconds": 0,
            "timeouts": null,
            "trigger": [],
            "url": "https://adb-1161217326944529.9.azuredatabricks.net/#job/659971599328913",
            "webhook_notifications": [
              {
                "on_duration_warning_threshold_exceeded": [],
                "on_failure": [],
                "on_start": [],
                "on_success": []
              }
            ]
          },
          "sensitive_attributes": [],
          "private": "eyJlMmJmYjczMC1lY2FhLTExZTYtOGY4OC0zNDM2M2JjN2M0YzAiOnsiY3JlYXRlIjoxODAwMDAwMDAwMDAwLCJ1cGRhdGUiOjE4MDAwMDAwMDAwMDB9LCJzY2hlbWFfdmVyc2lvbiI6IjIifQ=="
        }
      ]
    },
    {
      "mode": "managed",
      "type": "databricks_job",
      "name": "midas_agent_inference",
      "provider": "provider[\"registry.terraform.io/databricks/databricks\"]",
      "instances": [
        {
          "schema_version": 2,
          "attributes": {
            "always_running": false,
            "continuous": [],
            "control_run_state": false,
            "dbt_task": [],
            "deployment": [
              {
                "kind": "BUNDLE",
                "metadata_file_path": "/Shared/bundles/midas_agent/dev/state/metadata.json"
              }
            ],
            "description": null,
            "edit_mode": "UI_LOCKED",
            "email_notifications": [
              {
                "no_alert_for_skipped_runs": false,
                "on_duration_warning_threshold_exceeded": [],
                "on_failure": [
                  "jonatan.londono@epm.com.co"
                ],
                "on_start": [],
                "on_success": [
                  "jonatan.londono@epm.com.co"
                ]
              }
            ],
            "environment": [],
            "existing_cluster_id": null,
            "format": "MULTI_TASK",
            "git_source": [],
            "health": [],
            "id": "179993331487447",
            "job_cluster": [
              {
                "job_cluster_key": "midas_cluster",
                "new_cluster": [
                  {
                    "apply_policy_default_values": false,
                    "autoscale": [],
                    "aws_attributes": [],
                    "azure_attributes": [
                      {
                        "availability": "ON_DEMAND_AZURE",
                        "first_on_demand": 0,
                        "log_analytics_info": [],
                        "spot_bid_max_price": 0
                      }
                    ],
                    "cluster_id": "",
                    "cluster_log_conf": [],
                    "cluster_mount_info": [],
                    "cluster_name": "",
                    "custom_tags": {},
                    "data_security_mode": "USER_ISOLATION",
                    "docker_image": [],
                    "driver_instance_pool_id": "",
                    "driver_node_type_id": "",
                    "enable_elastic_disk": true,
                    "enable_local_disk_encryption": false,
                    "gcp_attributes": [],
                    "idempotency_token": "",
                    "init_scripts": [],
                    "instance_pool_id": "",
                    "library": [],
                    "node_type_id": "Standard_DS4_v2",
                    "num_workers": 2,
                    "policy_id": "",
                    "runtime_engine": "",
                    "single_user_name": "",
                    "spark_conf": {},
                    "spark_env_vars": {},
                    "spark_version": "16.4.x-scala2.12",
                    "ssh_public_keys": [],
                    "workload_type": []
                  }
                ]
              }
            ],
            "library": [],
            "max_concurrent_runs": 1,
            "max_retries": 0,
            "min_retry_interval_millis": 0,
            "name": "midas_agent_inference",
            "new_cluster": [],
            "notebook_task": [],
            "notification_settings": [],
            "parameter": [],
            "pipeline_task": [],
            "python_wheel_task": [],
            "queue": [
              {
                "enabled": true
              }
            ],
            "retry_on_timeout": false,
            "run_as": [
              {
                "service_principal_name": "2080d313-3074-4adf-8265-916ef7645dc2",
                "user_name": ""
              }
            ],
            "run_job_task": [],
            "schedule": [],
            "spark_jar_task": [],
            "spark_python_task": [],
            "spark_submit_task": [],
            "tags": {
              "Area": "Facturación",
              "Tipo": "LLMOps"
            },
            "task": [
              {
                "condition_task": [],
                "dbt_task": [],
                "depends_on": [],
                "description": "",
                "disable_auto_optimization": false,
                "email_notifications": [
                  {
                    "no_alert_for_skipped_runs": false,
                    "on_duration_warning_threshold_exceeded": [],
                    "on_failure": [],
                    "on_start": [],
                    "on_success": []
                  }
                ],
                "environment_key": "",
                "existing_cluster_id": "",
                "for_each_task": [],
                "health": [],
                "job_cluster_key": "midas_cluster",
                "library": [],
                "max_retries": 0,
                "min_retry_interval_millis": 0,
                "new_cluster": [],
                "notebook_task": [],
                "notification_settings": [],
                "pipeline_task": [],
                "python_wheel_task": [],
                "retry_on_timeout": false,
                "run_if": "ALL_SUCCESS",
                "run_job_task": [],
                "spark_jar_task": [],
                "spark_python_task": [
                  {
                    "parameters": [
                      "--catalog",
                      "epm_datalabs_catalog_dllo",
                      "--schema",
                      "facturacion",
                      "--model_endpoint",
                      "agente_ordenes_calidad_dev_v3",
                      "--activity_filter",
                      "1019 - DIFERENCIA ACUEDUCTO Y ALCANTARILLADO",
                      "--request_timeout_seconds",
                      "60",
                      "--max_retries",
                      "3",
                      "--source_table",
                      "midas_ordenes_calidad_pendientes_silver",
                      "--target_table",
                      "midas_predicciones_agente_gold",
                      "--output_path",
                      "abfss://gold@azsaepmnpdatalakeg2.dfs.core.windows.net/Midas_agent_inference/dev"
                    ],
                    "python_file": "/Shared/bundles/midas_agent/dev/files/src/midas/main_inference.py",
                    "source": ""
                  }
                ],
                "spark_submit_task": [],
                "sql_task": [],
                "task_key": "batch_inference",
                "timeout_seconds": 0,
                "webhook_notifications": []
              }
            ],
            "timeout_seconds": 0,
            "timeouts": null,
            "trigger": [],
            "url": "https://adb-1161217326944529.9.azuredatabricks.net/#job/179993331487447",
            "webhook_notifications": [
              {
                "on_duration_warning_threshold_exceeded": [],
                "on_failure": [],
                "on_start": [],
                "on_success": []
              }
            ]
          },
          "sensitive_attributes": [],
          "private": "eyJlMmJmYjczMC1lY2FhLTExZTYtOGY4OC0zNDM2M2JjN2M0YzAiOnsiY3JlYXRlIjoxODAwMDAwMDAwMDAwLCJ1cGRhdGUiOjE4MDAwMDAwMDAwMDB9LCJzY2hlbWFfdmVyc2lvbiI6IjIifQ=="
        }
      ]
    },
    {
      "mode": "managed",
      "type": "databricks_job",
      "name": "midas_load_transform_data",
      "provider": "provider[\"registry.terraform.io/databricks/databricks\"]",
      "instances": [
        {
          "schema_version": 2,
          "attributes": {
            "always_running": false,
            "continuous": [],
            "control_run_state": false,
            "dbt_task": [],
            "deployment": [
              {
                "kind": "BUNDLE",
                "metadata_file_path": "/Shared/bundles/midas_agent/dev/state/metadata.json"
              }
            ],
            "description": null,
            "edit_mode": "UI_LOCKED",
            "email_notifications": [
              {
                "no_alert_for_skipped_runs": false,
                "on_duration_warning_threshold_exceeded": [],
                "on_failure": [
                  "jonatan.londono@epm.com.co"
                ],
                "on_start": [],
                "on_success": [
                  "jonatan.londono@epm.com.co"
                ]
              }
            ],
            "environment": [],
            "existing_cluster_id": null,
            "format": "MULTI_TASK",
            "git_source": [],
            "health": [],
            "id": "366346800973171",
            "job_cluster": [
              {
                "job_cluster_key": "midas_cluster",
                "new_cluster": [
                  {
                    "apply_policy_default_values": false,
                    "autoscale": [],
                    "aws_attributes": [],
                    "azure_attributes": [
                      {
                        "availability": "ON_DEMAND_AZURE",
                        "first_on_demand": 0,
                        "log_analytics_info": [],
                        "spot_bid_max_price": 0
                      }
                    ],
                    "cluster_id": "",
                    "cluster_log_conf": [],
                    "cluster_mount_info": [],
                    "cluster_name": "",
                    "custom_tags": {},
                    "data_security_mode": "USER_ISOLATION",
                    "docker_image": [],
                    "driver_instance_pool_id": "",
                    "driver_node_type_id": "",
                    "enable_elastic_disk": true,
                    "enable_local_disk_encryption": false,
                    "gcp_attributes": [],
                    "idempotency_token": "",
                    "init_scripts": [],
                    "instance_pool_id": "",
                    "library": [],
                    "node_type_id": "Standard_DS4_v2",
                    "num_workers": 2,
                    "policy_id": "",
                    "runtime_engine": "",
                    "single_user_name": "",
                    "spark_conf": {},
                    "spark_env_vars": {},
                    "spark_version": "16.4.x-scala2.12",
                    "ssh_public_keys": [],
                    "workload_type": []
                  }
                ]
              }
            ],
            "library": [],
            "max_concurrent_runs": 1,
            "max_retries": 0,
            "min_retry_interval_millis": 0,
            "name": "midas_load_transform_data",
            "new_cluster": [],
            "notebook_task": [],
            "notification_settings": [],
            "parameter": [],
            "pipeline_task": [],
            "python_wheel_task": [],
            "queue": [
              {
                "enabled": true
              }
            ],
            "retry_on_timeout": false,
            "run_as": [
              {
                "service_principal_name": "2080d313-3074-4adf-8265-916ef7645dc2",
                "user_name": ""
              }
            ],
            "run_job_task": [],
            "schedule": [
              {
                "pause_status": "UNPAUSED",
                "quartz_cron_expression": "0 30 8 * * ?",
                "timezone_id": "America/Bogota"
              }
            ],
            "spark_jar_task": [],
            "spark_python_task": [],
            "spark_submit_task": [],
            "tags": {
              "Area": "Facturación",
              "Gerencia": "Gerencia experiacia usuario cliente"
            },
            "task": [
              {
                "condition_task": [],
                "dbt_task": [],
                "depends_on": [
                  {
                    "outcome": "",
                    "task_key": "extraer_datos_oracle"
                  }
                ],
                "description": "",
                "disable_auto_optimization": false,
                "email_notifications": [
                  {
                    "no_alert_for_skipped_runs": false,
                    "on_duration_warning_threshold_exceeded": [],
                    "on_failure": [],
                    "on_start": [],
                    "on_success": []
                  }
                ],
                "environment_key": "",
                "existing_cluster_id": "",
                "for_each_task": [],
                "health": [],
                "job_cluster_key": "midas_cluster",
                "library": [
                  {
                    "cran": [],
                    "egg": "",
                    "jar": "",
                    "maven": [],
                    "pypi": [
                      {
                        "package": "oracledb",
                        "repo": ""
                      }
                    ],
                    "requirements": "",
                    "whl": ""
                  },
                  {
                    "cran": [],
                    "egg": "",
                    "jar": "",
                    "maven": [],
                    "pypi": [
                      {
                        "package": "tqdm",
                        "repo": ""
                      }
                    ],
                    "requirements": "",
                    "whl": ""
                  }
                ],
                "max_retries": 0,
                "min_retry_interval_millis": 0,
                "new_cluster": [],
                "notebook_task": [],
                "notification_settings": [],
                "pipeline_task": [],
                "python_wheel_task": [],
                "retry_on_timeout": false,
                "run_if": "ALL_SUCCESS",
                "run_job_task": [],
                "spark_jar_task": [],
                "spark_python_task": [
                  {
                    "parameters": [
                      "--source_catalog",
                      "epm_datalake_vol_np",
                      "--source_schema",
                      "facturacion_vol",
                      "--source_volume",
                      "facturacion_bronze_vol",
                      "--source_base_path",
                      "midas_agent",
                      "--destination_catalog",
                      "epm_datalabs_catalog_dllo",
                      "--destination_schema",
                      "facturacion"
                    ],
                    "python_file": "/Shared/bundles/midas_agent/dev/files/src/midas/main_ingestion.py",
                    "source": ""
                  }
                ],
                "spark_submit_task": [],
                "sql_task": [],
                "task_key": "actualizar_ordenes_calidad",
                "timeout_seconds": 0,
                "webhook_notifications": []
              },
              {
                "condition_task": [],
                "dbt_task": [],
                "depends_on": [
                  {
                    "outcome": "",
                    "task_key": "actualizar_ordenes_calidad"
                  }
                ],
                "description": "",
                "disable_auto_optimization": false,
                "email_notifications": [
                  {
                    "no_alert_for_skipped_runs": false,
                    "on_duration_warning_threshold_exceeded": [],
                    "on_failure": [],
                    "on_start": [],
                    "on_success": []
                  }
                ],
                "environment_key": "",
                "existing_cluster_id": "",
                "for_each_task": [],
                "health": [],
                "job_cluster_key": "midas_cluster",
                "library": [],
                "max_retries": 0,
                "min_retry_interval_millis": 0,
                "new_cluster": [],
                "notebook_task": [],
                "notification_settings": [],
                "pipeline_task": [],
                "python_wheel_task": [],
                "retry_on_timeout": false,
                "run_if": "ALL_SUCCESS",
                "run_job_task": [],
                "spark_jar_task": [],
                "spark_python_task": [
                  {
                    "parameters": [
                      "--catalog",
                      "epm_datalabs_catalog_dllo",
                      "--schema",
                      "facturacion"
                    ],
                    "python_file": "/Shared/bundles/midas_agent/dev/files/src/midas/main_transform.py",
                    "source": ""
                  }
                ],
                "spark_submit_task": [],
                "sql_task": [],
                "task_key": "bronze_to_silver",
                "timeout_seconds": 0,
                "webhook_notifications": []
              },
              {
                "condition_task": [],
                "dbt_task": [],
                "depends_on": [
                  {
                    "outcome": "",
                    "task_key": "bronze_to_silver"
                  }
                ],
                "description": "",
                "disable_auto_optimization": false,
                "email_notifications": [
                  {
                    "no_alert_for_skipped_runs": false,
                    "on_duration_warning_threshold_exceeded": [],
                    "on_failure": [],
                    "on_start": [],
                    "on_success": []
                  }
                ],
                "environment_key": "",
                "existing_cluster_id": "",
                "for_each_task": [],
                "health": [],
                "job_cluster_key": "midas_cluster",
                "library": [],
                "max_retries": 0,
                "min_retry_interval_millis": 0,
                "new_cluster": [],
                "notebook_task": [],
                "notification_settings": [],
                "pipeline_task": [],
                "python_wheel_task": [],
                "retry_on_timeout": false,
                "run_if": "ALL_SUCCESS",
                "run_job_task": [],
                "spark_jar_task": [],
                "spark_python_task": [
                  {
                    "parameters": [
                      "--catalog",
                      "epm_datalabs_catalog_dllo",
                      "--schema",
                      "facturacion",
                      "--pipeline_sp",
                      "2080d313-3074-4adf-8265-916ef7645dc2"
                    ],
                    "python_file": "/Shared/bundles/midas_agent/dev/files/src/midas/main_tools.py",
                    "source": ""
                  }
                ],
                "spark_submit_task": [],
                "sql_task": [],
                "task_key": "create_sql_functions",
                "timeout_seconds": 0,
                "webhook_notifications": []
              },
              {
                "condition_task": [],
                "dbt_task": [],
                "depends_on": [],
                "description": "",
                "disable_auto_optimization": false,
                "email_notifications": [
                  {
                    "no_alert_for_skipped_runs": false,
                    "on_duration_warning_threshold_exceeded": [],
                    "on_failure": [],
                    "on_start": [],
                    "on_success": []
                  }
                ],
                "environment_key": "",
                "existing_cluster_id": "",
                "for_each_task": [],
                "health": [],
                "job_cluster_key": "midas_cluster",
                "library": [],
                "max_retries": 0,
                "min_retry_interval_millis": 0,
                "new_cluster": [],
                "notebook_task": [],
                "notification_settings": [],
                "pipeline_task": [],
                "python_wheel_task": [],
                "retry_on_timeout": false,
                "run_if": "ALL_SUCCESS",
                "run_job_task": [],
                "spark_jar_task": [],
                "spark_python_task": [
                  {
                    "parameters": [
                      "--db_user",
                      "SQL_EPMBOTPD05",
                      "--db_dsn",
                      "epm-to34.corp.epm.com.co:1521/SFUAT",
                      "--secret_scope",
                      "AZ-SecretScopeDBKS-EPM-NP-KV-DLLO",
                      "--db_password_secret_key",
                      "AZ-SECRET-EPM-BOTPD05-FACTURACION-CTATECNICA",
                      "--output_path",
                      "/Volumes/epm_datalake_vol_np/facturacion_vol/facturacion_bronze_vol/midas_agent"
                    ],
                    "python_file": "/Shared/bundles/midas_agent/dev/files/src/midas/main_data_fetcher.py",
                    "source": ""
                  }
                ],
                "spark_submit_task": [],
                "sql_task": [],
                "task_key": "extraer_datos_oracle",
                "timeout_seconds": 0,
                "webhook_notifications": []
              },
              {
                "condition_task": [],
                "dbt_task": [],
                "depends_on": [
                  {
                    "outcome": "",
                    "task_key": "create_sql_functions"
                  }
                ],
                "description": "",
                "disable_auto_optimization": false,
                "email_notifications": [
                  {
                    "no_alert_for_skipped_runs": false,
                    "on_duration_warning_threshold_exceeded": [],
                    "on_failure": [],
                    "on_start": [],
                    "on_success": []
                  }
                ],
                "environment_key": "",
                "existing_cluster_id": "",
                "for_each_task": [],
                "health": [],
                "job_cluster_key": "",
                "library": [],
                "max_retries": 0,
                "min_retry_interval_millis": 0,
                "new_cluster": [],
                "notebook_task": [],
                "notification_settings": [],
                "pipeline_task": [],
                "python_wheel_task": [],
                "retry_on_timeout": false,
                "run_if": "ALL_SUCCESS",
                "run_job_task": [
                  {
                    "dbt_commands": null,
                    "jar_params": null,
                    "job_id": 179993331487447,
                    "job_parameters": null,
                    "notebook_params": null,
                    "pipeline_params": [],
                    "python_named_params": null,
                    "python_params": null,
                    "spark_submit_params": null,
                    "sql_params": null
                  }
                ],
                "spark_jar_task": [],
                "spark_python_task": [],
                "spark_submit_task": [],
                "sql_task": [],
                "task_key": "trigger_inference",
                "timeout_seconds": 0,
                "webhook_notifications": []
              }
            ],
            "timeout_seconds": 0,
            "timeouts": null,
            "trigger": [],
            "url": "https://adb-1161217326944529.9.azuredatabricks.net/#job/366346800973171",
            "webhook_notifications": [
              {
                "on_duration_warning_threshold_exceeded": [],
                "on_failure": [],
                "on_start": [],
                "on_success": []
              }
            ]
          },
          "sensitive_attributes": [],
          "private": "eyJlMmJmYjczMC1lY2FhLTExZTYtOGY4OC0zNDM2M2JjN2M0YzAiOnsiY3JlYXRlIjoxODAwMDAwMDAwMDAwLCJ1cGRhdGUiOjE4MDAwMDAwMDAwMDB9LCJzY2hlbWFfdmVyc2lvbiI6IjIifQ==",
          "dependencies": [
            "databricks_job.midas_agent_inference"
          ]
        }
      ]
    }
  ],
  "check_results": null
}
